
Microsoft Visual Studio Solution File, Format Version 12.00
# Visual Studio Version 17
VisualStudioVersion = 17.10.35013.160
MinimumVisualStudioVersion = 10.0.40219.1
Project("{FAE04EC0-301F-11D3-BF4B-00C04F79EFBC}") = "IngetinGwAPI", "IngetinGwAPI.csproj", "{90CCCBE4-9520-4124-BDD8-B59923B9D360}"
EndProject
Global
	GlobalSection(SolutionConfigurationPlatforms) = preSolution
		Debug|Any CPU = Debug|Any CPU
		Release|Any CPU = Release|Any CPU
	EndGlobalSection
	GlobalSection(ProjectConfigurationPlatforms) = postSolution
		{90CCCBE4-9520-4124-BDD8-B59923B9D360}.Debug|Any CPU.ActiveCfg = Debug|Any CPU
		{90CCCBE4-9520-4124-BDD8-B59923B9D360}.Debug|Any CPU.Build.0 = Debug|Any CPU
		{90CCCBE4-9520-4124-BDD8-B59923B9D360}.Release|Any CPU.ActiveCfg = Release|Any CPU
		{90CCCBE4-9520-4124-BDD8-B59923B9D360}.Release|Any CPU.Build.0 = Release|Any CPU
	EndGlobalSection
	GlobalSection(SolutionProperties) = preSolution
		HideSolutionNode = FALSE
	EndGlobalSection
	GlobalSection(ExtensibilityGlobals) = postSolution
		SolutionGuid = {BD96A8D0-7F2C-47F6-8009-DC1F9C8BE9BC}
	EndGlobalSection
EndGlobal
